
Microsoft Visual Studio Solution File, Format Version 12.00
# Visual Studio Version 17
VisualStudioVersion = 17.8.34511.84
MinimumVisualStudioVersion = 10.0.40219.1
Project("{FAE04EC0-301F-11D3-BF4B-00C04F79EFBC}") = "BETONWEB", "BETONWEB\BETONWEB.csproj", "{2AC1E993-1E83-4035-BC4F-EF4D4B32371B}"
EndProject
Global
	GlobalSection(SolutionConfigurationPlatforms) = preSolution
		Debug|Any CPU = Debug|Any CPU
		Release|Any CPU = Release|Any CPU
	EndGlobalSection
	GlobalSection(ProjectConfigurationPlatforms) = postSolution
		{2AC1E993-1E83-4035-BC4F-EF4D4B32371B}.Debug|Any CPU.ActiveCfg = Debug|Any CPU
		{2AC1E993-1E83-4035-BC4F-EF4D4B32371B}.Debug|Any CPU.Build.0 = Debug|Any CPU
		{2AC1E993-1E83-4035-BC4F-EF4D4B32371B}.Release|Any CPU.ActiveCfg = Release|Any CPU
		{2AC1E993-1E83-4035-BC4F-EF4D4B32371B}.Release|Any CPU.Build.0 = Release|Any CPU
	EndGlobalSection
	GlobalSection(SolutionProperties) = preSolution
		HideSolutionNode = FALSE
	EndGlobalSection
	GlobalSection(ExtensibilityGlobals) = postSolution
		SolutionGuid = {EF131A78-480F-46CF-B8A0-329E832079EC}
	EndGlobalSection
EndGlobal
